
Microsoft Visual Studio Solution File, Format Version 12.00
# Visual Studio 15
VisualStudioVersion = 15.0.28307.539
MinimumVisualStudioVersion = 10.0.40219.1
Project("{FAE04EC0-301F-11D3-BF4B-00C04F79EFBC}") = "AspDotNet", "AspDotNet\AspDotNet.csproj", "{88AF1704-A9FE-4F35-950C-0AF66D303757}"
EndProject
Global
	GlobalSection(SolutionConfigurationPlatforms) = preSolution
		Debug|Any CPU = Debug|Any CPU
		Release|Any CPU = Release|Any CPU
	EndGlobalSection
	GlobalSection(ProjectConfigurationPlatforms) = postSolution
		{88AF1704-A9FE-4F35-950C-0AF66D303757}.Debug|Any CPU.ActiveCfg = Debug|Any CPU
		{88AF1704-A9FE-4F35-950C-0AF66D303757}.Debug|Any CPU.Build.0 = Debug|Any CPU
		{88AF1704-A9FE-4F35-950C-0AF66D303757}.Release|Any CPU.ActiveCfg = Release|Any CPU
		{88AF1704-A9FE-4F35-950C-0AF66D303757}.Release|Any CPU.Build.0 = Release|Any CPU
	EndGlobalSection
	GlobalSection(SolutionProperties) = preSolution
		HideSolutionNode = FALSE
	EndGlobalSection
	GlobalSection(ExtensibilityGlobals) = postSolution
		SolutionGuid = {12FCFBDD-02B5-416E-8295-565CA01694C2}
	EndGlobalSection
	GlobalSection(TeamFoundationVersionControl) = preSolution
		SccNumberOfProjects = 2
		SccEnterpriseProvider = {4CA58AB2-18FA-4F8D-95D4-32DDF27D184C}
		SccTeamFoundationServer = http://tfs2018:8080/tfs/tfsdemo_collection
		SccLocalPath0 = .
		SccProjectUniqueName1 = AspDotNet\\AspDotNet.csproj
		SccProjectName1 = AspDotNet
		SccLocalPath1 = AspDotNet
	EndGlobalSection
EndGlobal
